
Microsoft Visual Studio Solution File, Format Version 12.00
# Visual Studio Version 17
VisualStudioVersion = 17.5.33502.453
MinimumVisualStudioVersion = 10.0.40219.1
Project("{8BC9CEB8-8B4A-11D0-8D11-00A0C91BC942}") = "ConsoleApplication7", "ConsoleApplication7\ConsoleApplication7.vcxproj", "{609028BC-6E2A-4DB4-B9A2-45EC45F19DBF}"
EndProject
Global
	GlobalSection(SolutionConfigurationPlatforms) = preSolution
		Debug|x64 = Debug|x64
		Debug|x86 = Debug|x86
		Release|x64 = Release|x64
		Release|x86 = Release|x86
	EndGlobalSection
	GlobalSection(ProjectConfigurationPlatforms) = postSolution
		{609028BC-6E2A-4DB4-B9A2-45EC45F19DBF}.Debug|x64.ActiveCfg = Debug|x64
		{609028BC-6E2A-4DB4-B9A2-45EC45F19DBF}.Debug|x64.Build.0 = Debug|x64
		{609028BC-6E2A-4DB4-B9A2-45EC45F19DBF}.Debug|x86.ActiveCfg = Debug|Win32
		{609028BC-6E2A-4DB4-B9A2-45EC45F19DBF}.Debug|x86.Build.0 = Debug|Win32
		{609028BC-6E2A-4DB4-B9A2-45EC45F19DBF}.Release|x64.ActiveCfg = Release|x64
		{609028BC-6E2A-4DB4-B9A2-45EC45F19DBF}.Release|x64.Build.0 = Release|x64
		{609028BC-6E2A-4DB4-B9A2-45EC45F19DBF}.Release|x86.ActiveCfg = Release|Win32
		{609028BC-6E2A-4DB4-B9A2-45EC45F19DBF}.Release|x86.Build.0 = Release|Win32
	EndGlobalSection
	GlobalSection(SolutionProperties) = preSolution
		HideSolutionNode = FALSE
	EndGlobalSection
	GlobalSection(ExtensibilityGlobals) = postSolution
		SolutionGuid = {6BC2B61D-83B3-431C-B831-507F244295D0}
	EndGlobalSection
EndGlobal
